// !$*UTF8*$!
{
	archiveVersion = 1;
	classes = {
	};
	objectVersion = 50;
	objects = {

/* Begin PBXBuildFile section */
		7197D8532406177600FFCECF /* SOHookWhiteListController.m in Sources */ = {isa = PBXBuildFile; fileRef = 7197D8512406177600FFCECF /* SOHookWhiteListController.m */; };
		7197D8542406177600FFCECF /* SOHookWhiteListController.h in Headers */ = {isa = PBXBuildFile; fileRef = 7197D8522406177600FFCECF /* SOHookWhiteListController.h */; };
		71A99C4823B9DCBE0043D2BF /* MDConfig.plist in Resources */ = {isa = PBXBuildFile; fileRef = 71A99C4723B9DCBE0043D2BF /* MDConfig.plist */; };
		71A99C5223B9DCBE0043D2BF /* libSoulHookDylib.dylib in CopyFiles */ = {isa = PBXBuildFile; fileRef = 71A99C5123B9DCBE0043D2BF /* libSoulHookDylib.dylib */; settings = {ATTRIBUTES = (CodeSignOnCopy, ); }; };
		71A99C5723B9DCBE0043D2BF /* JavaScriptCore.framework in Frameworks */ = {isa = PBXBuildFile; fileRef = 71A99C5623B9DCBE0043D2BF /* JavaScriptCore.framework */; };
		71A99C5923B9DCBE0043D2BF /* Foundation.framework in Frameworks */ = {isa = PBXBuildFile; fileRef = 71A99C5823B9DCBE0043D2BF /* Foundation.framework */; };
		71A99C5B23B9DCBE0043D2BF /* UIKit.framework in Frameworks */ = {isa = PBXBuildFile; fileRef = 71A99C5A23B9DCBE0043D2BF /* UIKit.framework */; };
		71A99C6023B9DCBE0043D2BF /* SoulHookDylib.mm in Sources */ = {isa = PBXBuildFile; fileRef = 71A99C5F23B9DCBE0043D2BF /* SoulHookDylib.mm */; };
		71A99C6323B9DCBE0043D2BF /* MDConfigManager.h in Headers */ = {isa = PBXBuildFile; fileRef = 71A99C6223B9DCBE0043D2BF /* MDConfigManager.h */; };
		71A99C6523B9DCBE0043D2BF /* MDConfigManager.m in Sources */ = {isa = PBXBuildFile; fileRef = 71A99C6423B9DCBE0043D2BF /* MDConfigManager.m */; };
		71A99C6723B9DCBE0043D2BF /* MDCycriptManager.h in Headers */ = {isa = PBXBuildFile; fileRef = 71A99C6623B9DCBE0043D2BF /* MDCycriptManager.h */; };
		71A99C6923B9DCBE0043D2BF /* MDCycriptManager.m in Sources */ = {isa = PBXBuildFile; fileRef = 71A99C6823B9DCBE0043D2BF /* MDCycriptManager.m */; };
		71A99C6B23B9DCBE0043D2BF /* MDMethodTrace.h in Headers */ = {isa = PBXBuildFile; fileRef = 71A99C6A23B9DCBE0043D2BF /* MDMethodTrace.h */; };
		71A99C6D23B9DCBE0043D2BF /* MDMethodTrace.m in Sources */ = {isa = PBXBuildFile; fileRef = 71A99C6C23B9DCBE0043D2BF /* MDMethodTrace.m */; };
		71A99C7023B9DCBE0043D2BF /* a1a2-selectortramps-arm.s in Sources */ = {isa = PBXBuildFile; fileRef = 71A99C6F23B9DCBE0043D2BF /* a1a2-selectortramps-arm.s */; };
		71A99C7223B9DCBE0043D2BF /* a1a2-selectortramps-arm64.s in Sources */ = {isa = PBXBuildFile; fileRef = 71A99C7123B9DCBE0043D2BF /* a1a2-selectortramps-arm64.s */; };
		71A99C7423B9DCBE0043D2BF /* a1a2-selectortramps-i386.s in Sources */ = {isa = PBXBuildFile; fileRef = 71A99C7323B9DCBE0043D2BF /* a1a2-selectortramps-i386.s */; };
		71A99C7623B9DCBE0043D2BF /* a1a2-selectortramps-x86_64.s in Sources */ = {isa = PBXBuildFile; fileRef = 71A99C7523B9DCBE0043D2BF /* a1a2-selectortramps-x86_64.s */; };
		71A99C7823B9DCBE0043D2BF /* a2a3-selectortramps-arm.s in Sources */ = {isa = PBXBuildFile; fileRef = 71A99C7723B9DCBE0043D2BF /* a2a3-selectortramps-arm.s */; };
		71A99C7A23B9DCBE0043D2BF /* a2a3-selectortramps-i386.s in Sources */ = {isa = PBXBuildFile; fileRef = 71A99C7923B9DCBE0043D2BF /* a2a3-selectortramps-i386.s */; };
		71A99C7C23B9DCBE0043D2BF /* a2a3-selectortramps-x86_64.s in Sources */ = {isa = PBXBuildFile; fileRef = 71A99C7B23B9DCBE0043D2BF /* a2a3-selectortramps-x86_64.s */; };
		71A99C7E23B9DCBE0043D2BF /* OCMethodTrace.h in Headers */ = {isa = PBXBuildFile; fileRef = 71A99C7D23B9DCBE0043D2BF /* OCMethodTrace.h */; };
		71A99C8023B9DCBE0043D2BF /* OCMethodTrace.m in Sources */ = {isa = PBXBuildFile; fileRef = 71A99C7F23B9DCBE0043D2BF /* OCMethodTrace.m */; };
		71A99C8223B9DCBE0043D2BF /* OCSelectorTrampolines.h in Headers */ = {isa = PBXBuildFile; fileRef = 71A99C8123B9DCBE0043D2BF /* OCSelectorTrampolines.h */; };
		71A99C8423B9DCBE0043D2BF /* OCSelectorTrampolines.mm in Sources */ = {isa = PBXBuildFile; fileRef = 71A99C8323B9DCBE0043D2BF /* OCSelectorTrampolines.mm */; };
		71A99C8823B9DCBE0043D2BF /* LLDBTools.h in Headers */ = {isa = PBXBuildFile; fileRef = 71A99C8723B9DCBE0043D2BF /* LLDBTools.h */; };
		71A99C8A23B9DCBE0043D2BF /* LLDBTools.mm in Sources */ = {isa = PBXBuildFile; fileRef = 71A99C8923B9DCBE0043D2BF /* LLDBTools.mm */; };
		71A99C8F23B9DCBE0043D2BF /* AntiAntiDebug.m in Sources */ = {isa = PBXBuildFile; fileRef = 71A99C8E23B9DCBE0043D2BF /* AntiAntiDebug.m */; };
		71A99C9223B9DCBE0043D2BF /* fishhook.c in Sources */ = {isa = PBXBuildFile; fileRef = 71A99C9123B9DCBE0043D2BF /* fishhook.c */; };
		71A99C9423B9DCBE0043D2BF /* fishhook.h in Headers */ = {isa = PBXBuildFile; fileRef = 71A99C9323B9DCBE0043D2BF /* fishhook.h */; };
		71A99C9623B9DCBE0043D2BF /* SoulHookDylib.h in Headers */ = {isa = PBXBuildFile; fileRef = 71A99C9523B9DCBE0043D2BF /* SoulHookDylib.h */; };
		71A99C9823B9DCBE0043D2BF /* SoulHookDylib.m in Sources */ = {isa = PBXBuildFile; fileRef = 71A99C9723B9DCBE0043D2BF /* SoulHookDylib.m */; };
		71A99CA223B9DCE00043D2BF /* Default-568h@2x.png in Resources */ = {isa = PBXBuildFile; fileRef = 71A99CA123B9DCE00043D2BF /* Default-568h@2x.png */; };
		71A99CAD23B9DE4E0043D2BF /* SOHeader.h in Headers */ = {isa = PBXBuildFile; fileRef = 71A99CA423B9DE4E0043D2BF /* SOHeader.h */; };
		71A99CAE23B9DE4E0043D2BF /* SORobot.m in Sources */ = {isa = PBXBuildFile; fileRef = 71A99CA523B9DE4E0043D2BF /* SORobot.m */; };
		71A99CAF23B9DE4E0043D2BF /* SOHookSettingController.m in Sources */ = {isa = PBXBuildFile; fileRef = 71A99CA623B9DE4E0043D2BF /* SOHookSettingController.m */; };
		71A99CB123B9DE4E0043D2BF /* SOHookAutoReplyController.m in Sources */ = {isa = PBXBuildFile; fileRef = 71A99CA823B9DE4E0043D2BF /* SOHookAutoReplyController.m */; };
		71A99CB223B9DE4E0043D2BF /* SOHookSettingController.h in Headers */ = {isa = PBXBuildFile; fileRef = 71A99CA923B9DE4E0043D2BF /* SOHookSettingController.h */; };
		71A99CB323B9DE4E0043D2BF /* SOHookAutoReplyController.h in Headers */ = {isa = PBXBuildFile; fileRef = 71A99CAA23B9DE4E0043D2BF /* SOHookAutoReplyController.h */; };
		71A99CB523B9DE4E0043D2BF /* SORobot.h in Headers */ = {isa = PBXBuildFile; fileRef = 71A99CAC23B9DE4E0043D2BF /* SORobot.h */; };
		D02923D225A815FA00A27E3B /* icon_download.png in Resources */ = {isa = PBXBuildFile; fileRef = D02923D125A815FA00A27E3B /* icon_download.png */; };
/* End PBXBuildFile section */

/* Begin PBXContainerItemProxy section */
		71A99C5323B9DCBE0043D2BF /* PBXContainerItemProxy */ = {
			isa = PBXContainerItemProxy;
			containerPortal = 71A99C3523B9DCBE0043D2BF /* Project object */;
			proxyType = 1;
			remoteGlobalIDString = 71A99C5023B9DCBE0043D2BF;
			remoteInfo = SoulHookDylib;
		};
/* End PBXContainerItemProxy section */

/* Begin PBXCopyFilesBuildPhase section */
		71A99C3D23B9DCBE0043D2BF /* CopyFiles */ = {
			isa = PBXCopyFilesBuildPhase;
			buildActionMask = 2147483647;
			dstPath = "";
			dstSubfolderSpec = 10;
			files = (
				71A99C5223B9DCBE0043D2BF /* libSoulHookDylib.dylib in CopyFiles */,
			);
			runOnlyForDeploymentPostprocessing = 0;
		};
/* End PBXCopyFilesBuildPhase section */

/* Begin PBXFileReference section */
		3301D77F25318B5C008187A5 /* SOUL_3.53_0.ipa */ = {isa = PBXFileReference; lastKnownFileType = file; path = SOUL_3.53_0.ipa; sourceTree = "<group>"; };
		7197D8512406177600FFCECF /* SOHookWhiteListController.m */ = {isa = PBXFileReference; fileEncoding = 4; lastKnownFileType = sourcecode.c.objc; path = SOHookWhiteListController.m; sourceTree = "<group>"; };
		7197D8522406177600FFCECF /* SOHookWhiteListController.h */ = {isa = PBXFileReference; fileEncoding = 4; lastKnownFileType = sourcecode.c.h; path = SOHookWhiteListController.h; sourceTree = "<group>"; };
		71A99C4023B9DCBE0043D2BF /* SoulHook.app */ = {isa = PBXFileReference; explicitFileType = wrapper.application; includeInIndex = 0; path = SoulHook.app; sourceTree = BUILT_PRODUCTS_DIR; };
		71A99C4323B9DCBE0043D2BF /* icon.png */ = {isa = PBXFileReference; lastKnownFileType = image.png; path = icon.png; sourceTree = "<group>"; };
		71A99C4523B9DCBE0043D2BF /* quick-resign.sh */ = {isa = PBXFileReference; lastKnownFileType = text.script.sh; path = "quick-resign.sh"; sourceTree = "<group>"; };
		71A99C4723B9DCBE0043D2BF /* MDConfig.plist */ = {isa = PBXFileReference; lastKnownFileType = text.plist.xml; path = MDConfig.plist; sourceTree = "<group>"; };
		71A99C4A23B9DCBE0043D2BF /* put ipa or app here */ = {isa = PBXFileReference; lastKnownFileType = text; path = "put ipa or app here"; sourceTree = "<group>"; };
		71A99C4B23B9DCBE0043D2BF /* Info.plist */ = {isa = PBXFileReference; lastKnownFileType = text.plist.xml; path = Info.plist; sourceTree = "<group>"; };
		71A99C5123B9DCBE0043D2BF /* libSoulHookDylib.dylib */ = {isa = PBXFileReference; explicitFileType = "compiled.mach-o.dylib"; includeInIndex = 0; path = libSoulHookDylib.dylib; sourceTree = BUILT_PRODUCTS_DIR; };
		71A99C5623B9DCBE0043D2BF /* JavaScriptCore.framework */ = {isa = PBXFileReference; lastKnownFileType = wrapper.framework; name = JavaScriptCore.framework; path = System/Library/Frameworks/JavaScriptCore.framework; sourceTree = SDKROOT; };
		71A99C5823B9DCBE0043D2BF /* Foundation.framework */ = {isa = PBXFileReference; lastKnownFileType = wrapper.framework; name = Foundation.framework; path = System/Library/Frameworks/Foundation.framework; sourceTree = SDKROOT; };
		71A99C5A23B9DCBE0043D2BF /* UIKit.framework */ = {isa = PBXFileReference; lastKnownFileType = wrapper.framework; name = UIKit.framework; path = System/Library/Frameworks/UIKit.framework; sourceTree = SDKROOT; };
		71A99C5E23B9DCBE0043D2BF /* SoulHookDylib.xm */ = {isa = PBXFileReference; lastKnownFileType = text; path = SoulHookDylib.xm; sourceTree = "<group>"; };
		71A99C5F23B9DCBE0043D2BF /* SoulHookDylib.mm */ = {isa = PBXFileReference; lastKnownFileType = sourcecode.cpp.objcpp; path = SoulHookDylib.mm; sourceTree = "<group>"; };
		71A99C6223B9DCBE0043D2BF /* MDConfigManager.h */ = {isa = PBXFileReference; lastKnownFileType = sourcecode.c.h; path = MDConfigManager.h; sourceTree = "<group>"; };
		71A99C6423B9DCBE0043D2BF /* MDConfigManager.m */ = {isa = PBXFileReference; lastKnownFileType = sourcecode.c.objc; path = MDConfigManager.m; sourceTree = "<group>"; };
		71A99C6623B9DCBE0043D2BF /* MDCycriptManager.h */ = {isa = PBXFileReference; lastKnownFileType = sourcecode.c.h; path = MDCycriptManager.h; sourceTree = "<group>"; };
		71A99C6823B9DCBE0043D2BF /* MDCycriptManager.m */ = {isa = PBXFileReference; lastKnownFileType = sourcecode.c.objc; path = MDCycriptManager.m; sourceTree = "<group>"; };
		71A99C6A23B9DCBE0043D2BF /* MDMethodTrace.h */ = {isa = PBXFileReference; lastKnownFileType = sourcecode.c.h; path = MDMethodTrace.h; sourceTree = "<group>"; };
		71A99C6C23B9DCBE0043D2BF /* MDMethodTrace.m */ = {isa = PBXFileReference; lastKnownFileType = sourcecode.c.objc; path = MDMethodTrace.m; sourceTree = "<group>"; };
		71A99C6F23B9DCBE0043D2BF /* a1a2-selectortramps-arm.s */ = {isa = PBXFileReference; lastKnownFileType = sourcecode.asm; path = "a1a2-selectortramps-arm.s"; sourceTree = "<group>"; };
		71A99C7123B9DCBE0043D2BF /* a1a2-selectortramps-arm64.s */ = {isa = PBXFileReference; lastKnownFileType = sourcecode.asm; path = "a1a2-selectortramps-arm64.s"; sourceTree = "<group>"; };
		71A99C7323B9DCBE0043D2BF /* a1a2-selectortramps-i386.s */ = {isa = PBXFileReference; lastKnownFileType = sourcecode.asm; path = "a1a2-selectortramps-i386.s"; sourceTree = "<group>"; };
		71A99C7523B9DCBE0043D2BF /* a1a2-selectortramps-x86_64.s */ = {isa = PBXFileReference; lastKnownFileType = sourcecode.asm; path = "a1a2-selectortramps-x86_64.s"; sourceTree = "<group>"; };
		71A99C7723B9DCBE0043D2BF /* a2a3-selectortramps-arm.s */ = {isa = PBXFileReference; lastKnownFileType = sourcecode.asm; path = "a2a3-selectortramps-arm.s"; sourceTree = "<group>"; };
		71A99C7923B9DCBE0043D2BF /* a2a3-selectortramps-i386.s */ = {isa = PBXFileReference; lastKnownFileType = sourcecode.asm; path = "a2a3-selectortramps-i386.s"; sourceTree = "<group>"; };
		71A99C7B23B9DCBE0043D2BF /* a2a3-selectortramps-x86_64.s */ = {isa = PBXFileReference; lastKnownFileType = sourcecode.asm; path = "a2a3-selectortramps-x86_64.s"; sourceTree = "<group>"; };
		71A99C7D23B9DCBE0043D2BF /* OCMethodTrace.h */ = {isa = PBXFileReference; lastKnownFileType = sourcecode.c.h; path = OCMethodTrace.h; sourceTree = "<group>"; };
		71A99C7F23B9DCBE0043D2BF /* OCMethodTrace.m */ = {isa = PBXFileReference; lastKnownFileType = sourcecode.c.objc; path = OCMethodTrace.m; sourceTree = "<group>"; };
		71A99C8123B9DCBE0043D2BF /* OCSelectorTrampolines.h */ = {isa = PBXFileReference; lastKnownFileType = sourcecode.c.h; path = OCSelectorTrampolines.h; sourceTree = "<group>"; };
		71A99C8323B9DCBE0043D2BF /* OCSelectorTrampolines.mm */ = {isa = PBXFileReference; lastKnownFileType = sourcecode.cpp.objcpp; path = OCSelectorTrampolines.mm; sourceTree = "<group>"; };
		71A99C8523B9DCBE0043D2BF /* selectortramps.mac */ = {isa = PBXFileReference; lastKnownFileType = text; path = selectortramps.mac; sourceTree = "<group>"; };
		71A99C8723B9DCBE0043D2BF /* LLDBTools.h */ = {isa = PBXFileReference; lastKnownFileType = sourcecode.c.h; path = LLDBTools.h; sourceTree = "<group>"; };
		71A99C8923B9DCBE0043D2BF /* LLDBTools.mm */ = {isa = PBXFileReference; lastKnownFileType = sourcecode.cpp.objcpp; path = LLDBTools.mm; sourceTree = "<group>"; };
		71A99C8C23B9DCBE0043D2BF /* SoulHookDylib-Prefix.pch */ = {isa = PBXFileReference; lastKnownFileType = sourcecode.c.h; name = "SoulHookDylib-Prefix.pch"; path = "../SoulHookDylib-Prefix.pch"; sourceTree = "<group>"; };
		71A99C8E23B9DCBE0043D2BF /* AntiAntiDebug.m */ = {isa = PBXFileReference; lastKnownFileType = sourcecode.c.objc; path = AntiAntiDebug.m; sourceTree = "<group>"; };
		71A99C9123B9DCBE0043D2BF /* fishhook.c */ = {isa = PBXFileReference; lastKnownFileType = sourcecode.c.c; path = fishhook.c; sourceTree = "<group>"; };
		71A99C9323B9DCBE0043D2BF /* fishhook.h */ = {isa = PBXFileReference; lastKnownFileType = sourcecode.c.h; path = fishhook.h; sourceTree = "<group>"; };
		71A99C9523B9DCBE0043D2BF /* SoulHookDylib.h */ = {isa = PBXFileReference; lastKnownFileType = sourcecode.c.h; path = SoulHookDylib.h; sourceTree = "<group>"; };
		71A99C9723B9DCBE0043D2BF /* SoulHookDylib.m */ = {isa = PBXFileReference; lastKnownFileType = sourcecode.c.objc; path = SoulHookDylib.m; sourceTree = "<group>"; };
		71A99CA123B9DCE00043D2BF /* Default-568h@2x.png */ = {isa = PBXFileReference; lastKnownFileType = image.png; path = "Default-568h@2x.png"; sourceTree = "<group>"; };
		71A99CA423B9DE4E0043D2BF /* SOHeader.h */ = {isa = PBXFileReference; fileEncoding = 4; lastKnownFileType = sourcecode.c.h; path = SOHeader.h; sourceTree = "<group>"; };
		71A99CA523B9DE4E0043D2BF /* SORobot.m */ = {isa = PBXFileReference; fileEncoding = 4; lastKnownFileType = sourcecode.c.objc; path = SORobot.m; sourceTree = "<group>"; };
		71A99CA623B9DE4E0043D2BF /* SOHookSettingController.m */ = {isa = PBXFileReference; fileEncoding = 4; lastKnownFileType = sourcecode.c.objc; path = SOHookSettingController.m; sourceTree = "<group>"; };
		71A99CA823B9DE4E0043D2BF /* SOHookAutoReplyController.m */ = {isa = PBXFileReference; fileEncoding = 4; lastKnownFileType = sourcecode.c.objc; path = SOHookAutoReplyController.m; sourceTree = "<group>"; };
		71A99CA923B9DE4E0043D2BF /* SOHookSettingController.h */ = {isa = PBXFileReference; fileEncoding = 4; lastKnownFileType = sourcecode.c.h; path = SOHookSettingController.h; sourceTree = "<group>"; };
		71A99CAA23B9DE4E0043D2BF /* SOHookAutoReplyController.h */ = {isa = PBXFileReference; fileEncoding = 4; lastKnownFileType = sourcecode.c.h; path = SOHookAutoReplyController.h; sourceTree = "<group>"; };
		71A99CAC23B9DE4E0043D2BF /* SORobot.h */ = {isa = PBXFileReference; fileEncoding = 4; lastKnownFileType = sourcecode.c.h; path = SORobot.h; sourceTree = "<group>"; };
		D02923D125A815FA00A27E3B /* icon_download.png */ = {isa = PBXFileReference; lastKnownFileType = image.png; path = icon_download.png; sourceTree = "<group>"; };
/* End PBXFileReference section */

/* Begin PBXFrameworksBuildPhase section */
		71A99C3A23B9DCBE0043D2BF /* Frameworks */ = {
			isa = PBXFrameworksBuildPhase;
			buildActionMask = 2147483647;
			files = (
			);
			runOnlyForDeploymentPostprocessing = 0;
		};
		71A99C4E23B9DCBE0043D2BF /* Frameworks */ = {
			isa = PBXFrameworksBuildPhase;
			buildActionMask = 2147483647;
			files = (
				71A99C5723B9DCBE0043D2BF /* JavaScriptCore.framework in Frameworks */,
				71A99C5B23B9DCBE0043D2BF /* UIKit.framework in Frameworks */,
				71A99C5923B9DCBE0043D2BF /* Foundation.framework in Frameworks */,
			);
			runOnlyForDeploymentPostprocessing = 0;
		};
/* End PBXFrameworksBuildPhase section */

/* Begin PBXGroup section */
		71A99C3423B9DCBE0043D2BF = {
			isa = PBXGroup;
			children = (
				71A99CA123B9DCE00043D2BF /* Default-568h@2x.png */,
				71A99C4223B9DCBE0043D2BF /* SoulHook */,
				71A99C5C23B9DCBE0043D2BF /* SoulHookDylib */,
				71A99C5523B9DCBE0043D2BF /* Frameworks */,
				71A99C4123B9DCBE0043D2BF /* Products */,
			);
			sourceTree = "<group>";
		};
		71A99C4123B9DCBE0043D2BF /* Products */ = {
			isa = PBXGroup;
			children = (
				71A99C4023B9DCBE0043D2BF /* SoulHook.app */,
				71A99C5123B9DCBE0043D2BF /* libSoulHookDylib.dylib */,
			);
			name = Products;
			sourceTree = "<group>";
		};
		71A99C4223B9DCBE0043D2BF /* SoulHook */ = {
			isa = PBXGroup;
			children = (
				71A99C4323B9DCBE0043D2BF /* icon.png */,
				71A99C4B23B9DCBE0043D2BF /* Info.plist */,
				D02923D025A815FA00A27E3B /* Resources */,
				71A99C4423B9DCBE0043D2BF /* Scripts */,
				71A99C4623B9DCBE0043D2BF /* Config */,
				71A99C4923B9DCBE0043D2BF /* TargetApp */,
			);
			path = SoulHook;
			sourceTree = "<group>";
		};
		71A99C4423B9DCBE0043D2BF /* Scripts */ = {
			isa = PBXGroup;
			children = (
				71A99C4523B9DCBE0043D2BF /* quick-resign.sh */,
			);
			path = Scripts;
			sourceTree = "<group>";
		};
		71A99C4623B9DCBE0043D2BF /* Config */ = {
			isa = PBXGroup;
			children = (
				71A99C4723B9DCBE0043D2BF /* MDConfig.plist */,
			);
			path = Config;
			sourceTree = "<group>";
		};
		71A99C4923B9DCBE0043D2BF /* TargetApp */ = {
			isa = PBXGroup;
			children = (
				3301D77F25318B5C008187A5 /* SOUL_3.53_0.ipa */,
				71A99C4A23B9DCBE0043D2BF /* put ipa or app here */,
			);
			path = TargetApp;
			sourceTree = "<group>";
		};
		71A99C5523B9DCBE0043D2BF /* Frameworks */ = {
			isa = PBXGroup;
			children = (
				71A99C5623B9DCBE0043D2BF /* JavaScriptCore.framework */,
				71A99C5823B9DCBE0043D2BF /* Foundation.framework */,
				71A99C5A23B9DCBE0043D2BF /* UIKit.framework */,
			);
			name = Frameworks;
			sourceTree = "<group>";
		};
		71A99C5C23B9DCBE0043D2BF /* SoulHookDylib */ = {
			isa = PBXGroup;
			children = (
				71A99C9523B9DCBE0043D2BF /* SoulHookDylib.h */,
				71A99C9723B9DCBE0043D2BF /* SoulHookDylib.m */,
				71A99CAA23B9DE4E0043D2BF /* SOHookAutoReplyController.h */,
				71A99CA823B9DE4E0043D2BF /* SOHookAutoReplyController.m */,
				71A99CA923B9DE4E0043D2BF /* SOHookSettingController.h */,
				71A99CA623B9DE4E0043D2BF /* SOHookSettingController.m */,
				7197D8522406177600FFCECF /* SOHookWhiteListController.h */,
				7197D8512406177600FFCECF /* SOHookWhiteListController.m */,
				71A99CAC23B9DE4E0043D2BF /* SORobot.h */,
				71A99CA523B9DE4E0043D2BF /* SORobot.m */,
				71A99CA423B9DE4E0043D2BF /* SOHeader.h */,
				71A99C5D23B9DCBE0043D2BF /* Logos */,
				71A99C6123B9DCBE0043D2BF /* Config */,
				71A99C6E23B9DCBE0043D2BF /* Trace */,
				71A99C8623B9DCBE0043D2BF /* Tools */,
				71A99C8D23B9DCBE0043D2BF /* AntiAntiDebug */,
				71A99C9023B9DCBE0043D2BF /* fishhook */,
				71A99C8B23B9DCBE0043D2BF /* Supporting Files */,
			);
			path = SoulHookDylib;
			sourceTree = "<group>";
		};
		71A99C5D23B9DCBE0043D2BF /* Logos */ = {
			isa = PBXGroup;
			children = (
				71A99C5E23B9DCBE0043D2BF /* SoulHookDylib.xm */,
				71A99C5F23B9DCBE0043D2BF /* SoulHookDylib.mm */,
			);
			path = Logos;
			sourceTree = "<group>";
		};
		71A99C6123B9DCBE0043D2BF /* Config */ = {
			isa = PBXGroup;
			children = (
				71A99C6223B9DCBE0043D2BF /* MDConfigManager.h */,
				71A99C6423B9DCBE0043D2BF /* MDConfigManager.m */,
				71A99C6623B9DCBE0043D2BF /* MDCycriptManager.h */,
				71A99C6823B9DCBE0043D2BF /* MDCycriptManager.m */,
				71A99C6A23B9DCBE0043D2BF /* MDMethodTrace.h */,
				71A99C6C23B9DCBE0043D2BF /* MDMethodTrace.m */,
			);
			path = Config;
			sourceTree = "<group>";
		};
		71A99C6E23B9DCBE0043D2BF /* Trace */ = {
			isa = PBXGroup;
			children = (
				71A99C6F23B9DCBE0043D2BF /* a1a2-selectortramps-arm.s */,
				71A99C7123B9DCBE0043D2BF /* a1a2-selectortramps-arm64.s */,
				71A99C7323B9DCBE0043D2BF /* a1a2-selectortramps-i386.s */,
				71A99C7523B9DCBE0043D2BF /* a1a2-selectortramps-x86_64.s */,
				71A99C7723B9DCBE0043D2BF /* a2a3-selectortramps-arm.s */,
				71A99C7923B9DCBE0043D2BF /* a2a3-selectortramps-i386.s */,
				71A99C7B23B9DCBE0043D2BF /* a2a3-selectortramps-x86_64.s */,
				71A99C7D23B9DCBE0043D2BF /* OCMethodTrace.h */,
				71A99C7F23B9DCBE0043D2BF /* OCMethodTrace.m */,
				71A99C8123B9DCBE0043D2BF /* OCSelectorTrampolines.h */,
				71A99C8323B9DCBE0043D2BF /* OCSelectorTrampolines.mm */,
				71A99C8523B9DCBE0043D2BF /* selectortramps.mac */,
			);
			path = Trace;
			sourceTree = "<group>";
		};
		71A99C8623B9DCBE0043D2BF /* Tools */ = {
			isa = PBXGroup;
			children = (
				71A99C8723B9DCBE0043D2BF /* LLDBTools.h */,
				71A99C8923B9DCBE0043D2BF /* LLDBTools.mm */,
			);
			path = Tools;
			sourceTree = "<group>";
		};
		71A99C8B23B9DCBE0043D2BF /* Supporting Files */ = {
			isa = PBXGroup;
			children = (
				71A99C8C23B9DCBE0043D2BF /* SoulHookDylib-Prefix.pch */,
			);
			path = "Supporting Files";
			sourceTree = "<group>";
		};
		71A99C8D23B9DCBE0043D2BF /* AntiAntiDebug */ = {
			isa = PBXGroup;
			children = (
				71A99C8E23B9DCBE0043D2BF /* AntiAntiDebug.m */,
			);
			path = AntiAntiDebug;
			sourceTree = "<group>";
		};
		71A99C9023B9DCBE0043D2BF /* fishhook */ = {
			isa = PBXGroup;
			children = (
				71A99C9123B9DCBE0043D2BF /* fishhook.c */,
				71A99C9323B9DCBE0043D2BF /* fishhook.h */,
			);
			path = fishhook;
			sourceTree = "<group>";
		};
		D02923D025A815FA00A27E3B /* Resources */ = {
			isa = PBXGroup;
			children = (
				D02923D125A815FA00A27E3B /* icon_download.png */,
			);
			path = Resources;
			sourceTree = "<group>";
		};
/* End PBXGroup section */

/* Begin PBXHeadersBuildPhase section */
		71A99C4F23B9DCBE0043D2BF /* Headers */ = {
			isa = PBXHeadersBuildPhase;
			buildActionMask = 2147483647;
			files = (
				71A99C6723B9DCBE0043D2BF /* MDCycriptManager.h in Headers */,
				71A99C6B23B9DCBE0043D2BF /* MDMethodTrace.h in Headers */,
				71A99C9423B9DCBE0043D2BF /* fishhook.h in Headers */,
				71A99CB323B9DE4E0043D2BF /* SOHookAutoReplyController.h in Headers */,
				71A99C8823B9DCBE0043D2BF /* LLDBTools.h in Headers */,
				71A99C6323B9DCBE0043D2BF /* MDConfigManager.h in Headers */,
				71A99C9623B9DCBE0043D2BF /* SoulHookDylib.h in Headers */,
				71A99CB223B9DE4E0043D2BF /* SOHookSettingController.h in Headers */,
				71A99C8223B9DCBE0043D2BF /* OCSelectorTrampolines.h in Headers */,
				71A99CB523B9DE4E0043D2BF /* SORobot.h in Headers */,
				71A99CAD23B9DE4E0043D2BF /* SOHeader.h in Headers */,
				7197D8542406177600FFCECF /* SOHookWhiteListController.h in Headers */,
				71A99C7E23B9DCBE0043D2BF /* OCMethodTrace.h in Headers */,
			);
			runOnlyForDeploymentPostprocessing = 0;
		};
/* End PBXHeadersBuildPhase section */

/* Begin PBXNativeTarget section */
		71A99C3F23B9DCBE0043D2BF /* SoulHook */ = {
			isa = PBXNativeTarget;
			buildConfigurationList = 71A99C9E23B9DCBE0043D2BF /* Build configuration list for PBXNativeTarget "SoulHook" */;
			buildPhases = (
				71A99C3923B9DCBE0043D2BF /* Sources */,
				71A99C3A23B9DCBE0043D2BF /* Frameworks */,
				71A99C3B23B9DCBE0043D2BF /* ShellScript */,
				71A99C3C23B9DCBE0043D2BF /* Resources */,
				71A99C3D23B9DCBE0043D2BF /* CopyFiles */,
				71A99C3E23B9DCBE0043D2BF /* ShellScript */,
			);
			buildRules = (
			);
			dependencies = (
				71A99C5423B9DCBE0043D2BF /* PBXTargetDependency */,
			);
			name = SoulHook;
			productName = SoulHook;
			productReference = 71A99C4023B9DCBE0043D2BF /* SoulHook.app */;
			productType = "com.apple.product-type.application";
		};
		71A99C5023B9DCBE0043D2BF /* SoulHookDylib */ = {
			isa = PBXNativeTarget;
			buildConfigurationList = 71A99C9B23B9DCBE0043D2BF /* Build configuration list for PBXNativeTarget "SoulHookDylib" */;
			buildPhases = (
				71A99C4C23B9DCBE0043D2BF /* ShellScript */,
				71A99C4D23B9DCBE0043D2BF /* Sources */,
				71A99C4E23B9DCBE0043D2BF /* Frameworks */,
				71A99C4F23B9DCBE0043D2BF /* Headers */,
			);
			buildRules = (
			);
			dependencies = (
			);
			name = SoulHookDylib;
			productName = SoulHookDylib;
			productReference = 71A99C5123B9DCBE0043D2BF /* libSoulHookDylib.dylib */;
			productType = "com.apple.product-type.library.dynamic";
		};
/* End PBXNativeTarget section */

/* Begin PBXProject section */
		71A99C3523B9DCBE0043D2BF /* Project object */ = {
			isa = PBXProject;
			attributes = {
				LastUpgradeCheck = 1130;
				ORGANIZATIONNAME = fancy;
				TargetAttributes = {
					71A99C3F23B9DCBE0043D2BF = {
						CreatedOnToolsVersion = 11.3;
					};
					71A99C5023B9DCBE0043D2BF = {
						CreatedOnToolsVersion = 11.3;
					};
				};
			};
			buildConfigurationList = 71A99C3823B9DCBE0043D2BF /* Build configuration list for PBXProject "SoulHook" */;
			compatibilityVersion = "Xcode 9.3";
			developmentRegion = en;
			hasScannedForEncodings = 0;
			knownRegions = (
				en,
				Base,
			);
			mainGroup = 71A99C3423B9DCBE0043D2BF;
			productRefGroup = 71A99C4123B9DCBE0043D2BF /* Products */;
			projectDirPath = "";
			projectRoot = "";
			targets = (
				71A99C3F23B9DCBE0043D2BF /* SoulHook */,
				71A99C5023B9DCBE0043D2BF /* SoulHookDylib */,
			);
		};
/* End PBXProject section */

/* Begin PBXResourcesBuildPhase section */
		71A99C3C23B9DCBE0043D2BF /* Resources */ = {
			isa = PBXResourcesBuildPhase;
			buildActionMask = 2147483647;
			files = (
				D02923D225A815FA00A27E3B /* icon_download.png in Resources */,
				71A99C4823B9DCBE0043D2BF /* MDConfig.plist in Resources */,
				71A99CA223B9DCE00043D2BF /* Default-568h@2x.png in Resources */,
			);
			runOnlyForDeploymentPostprocessing = 0;
		};
/* End PBXResourcesBuildPhase section */

/* Begin PBXShellScriptBuildPhase section */
		71A99C3B23B9DCBE0043D2BF /* ShellScript */ = {
			isa = PBXShellScriptBuildPhase;
			buildActionMask = 2147483647;
			files = (
			);
			inputFileListPaths = (
			);
			inputPaths = (
			);
			outputFileListPaths = (
			);
			outputPaths = (
			);
			runOnlyForDeploymentPostprocessing = 0;
			shellPath = /bin/sh;
			shellScript = /opt/MonkeyDev/Tools/pack.sh;
		};
		71A99C3E23B9DCBE0043D2BF /* ShellScript */ = {
			isa = PBXShellScriptBuildPhase;
			buildActionMask = 2147483647;
			files = (
			);
			inputFileListPaths = (
			);
			inputPaths = (
			);
			outputFileListPaths = (
			);
			outputPaths = (
			);
			runOnlyForDeploymentPostprocessing = 0;
			shellPath = /bin/sh;
			shellScript = "/opt/MonkeyDev/Tools/pack.sh codesign";
		};
		71A99C4C23B9DCBE0043D2BF /* ShellScript */ = {
			isa = PBXShellScriptBuildPhase;
			buildActionMask = 2147483647;
			files = (
			);
			inputFileListPaths = (
			);
			inputPaths = (
			);
			outputFileListPaths = (
			);
			outputPaths = (
			);
			runOnlyForDeploymentPostprocessing = 0;
			shellPath = /bin/sh;
			shellScript = "/opt/MonkeyDev/bin/md --xcbp-logos";
		};
/* End PBXShellScriptBuildPhase section */

/* Begin PBXSourcesBuildPhase section */
		71A99C3923B9DCBE0043D2BF /* Sources */ = {
			isa = PBXSourcesBuildPhase;
			buildActionMask = 2147483647;
			files = (
			);
			runOnlyForDeploymentPostprocessing = 0;
		};
		71A99C4D23B9DCBE0043D2BF /* Sources */ = {
			isa = PBXSourcesBuildPhase;
			buildActionMask = 2147483647;
			files = (
				71A99C6923B9DCBE0043D2BF /* MDCycriptManager.m in Sources */,
				71A99C9823B9DCBE0043D2BF /* SoulHookDylib.m in Sources */,
				71A99C7223B9DCBE0043D2BF /* a1a2-selectortramps-arm64.s in Sources */,
				71A99C7023B9DCBE0043D2BF /* a1a2-selectortramps-arm.s in Sources */,
				71A99C7623B9DCBE0043D2BF /* a1a2-selectortramps-x86_64.s in Sources */,
				71A99C8023B9DCBE0043D2BF /* OCMethodTrace.m in Sources */,
				71A99CAE23B9DE4E0043D2BF /* SORobot.m in Sources */,
				71A99C6523B9DCBE0043D2BF /* MDConfigManager.m in Sources */,
				71A99C9223B9DCBE0043D2BF /* fishhook.c in Sources */,
				71A99C8F23B9DCBE0043D2BF /* AntiAntiDebug.m in Sources */,
				71A99C8423B9DCBE0043D2BF /* OCSelectorTrampolines.mm in Sources */,
				71A99C7423B9DCBE0043D2BF /* a1a2-selectortramps-i386.s in Sources */,
				71A99CB123B9DE4E0043D2BF /* SOHookAutoReplyController.m in Sources */,
				7197D8532406177600FFCECF /* SOHookWhiteListController.m in Sources */,
				71A99C7A23B9DCBE0043D2BF /* a2a3-selectortramps-i386.s in Sources */,
				71A99C7823B9DCBE0043D2BF /* a2a3-selectortramps-arm.s in Sources */,
				71A99CAF23B9DE4E0043D2BF /* SOHookSettingController.m in Sources */,
				71A99C6023B9DCBE0043D2BF /* SoulHookDylib.mm in Sources */,
				71A99C8A23B9DCBE0043D2BF /* LLDBTools.mm in Sources */,
				71A99C7C23B9DCBE0043D2BF /* a2a3-selectortramps-x86_64.s in Sources */,
				71A99C6D23B9DCBE0043D2BF /* MDMethodTrace.m in Sources */,
			);
			runOnlyForDeploymentPostprocessing = 0;
		};
/* End PBXSourcesBuildPhase section */

/* Begin PBXTargetDependency section */
		71A99C5423B9DCBE0043D2BF /* PBXTargetDependency */ = {
			isa = PBXTargetDependency;
			target = 71A99C5023B9DCBE0043D2BF /* SoulHookDylib */;
			targetProxy = 71A99C5323B9DCBE0043D2BF /* PBXContainerItemProxy */;
		};
/* End PBXTargetDependency section */

/* Begin XCBuildConfiguration section */
		71A99C9923B9DCBE0043D2BF /* Debug */ = {
			isa = XCBuildConfiguration;
			buildSettings = {
				ALWAYS_SEARCH_USER_PATHS = NO;
				CLANG_ANALYZER_NONNULL = YES;
				CLANG_ANALYZER_NUMBER_OBJECT_CONVERSION = YES_AGGRESSIVE;
				CLANG_CXX_LANGUAGE_STANDARD = "gnu++14";
				CLANG_CXX_LIBRARY = "libc++";
				CLANG_ENABLE_MODULES = YES;
				CLANG_ENABLE_OBJC_ARC = YES;
				CLANG_ENABLE_OBJC_WEAK = YES;
				CLANG_WARN_BLOCK_CAPTURE_AUTORELEASING = YES;
				CLANG_WARN_BOOL_CONVERSION = YES;
				CLANG_WARN_COMMA = YES;
				CLANG_WARN_CONSTANT_CONVERSION = YES;
				CLANG_WARN_DEPRECATED_OBJC_IMPLEMENTATIONS = YES;
				CLANG_WARN_DIRECT_OBJC_ISA_USAGE = YES_ERROR;
				CLANG_WARN_DOCUMENTATION_COMMENTS = YES;
				CLANG_WARN_EMPTY_BODY = YES;
				CLANG_WARN_ENUM_CONVERSION = YES;
				CLANG_WARN_INFINITE_RECURSION = YES;
				CLANG_WARN_INT_CONVERSION = YES;
				CLANG_WARN_NON_LITERAL_NULL_CONVERSION = YES;
				CLANG_WARN_OBJC_IMPLICIT_RETAIN_SELF = YES;
				CLANG_WARN_OBJC_LITERAL_CONVERSION = YES;
				CLANG_WARN_OBJC_ROOT_CLASS = YES_ERROR;
				CLANG_WARN_RANGE_LOOP_ANALYSIS = YES;
				CLANG_WARN_STRICT_PROTOTYPES = YES;
				CLANG_WARN_SUSPICIOUS_MOVE = YES;
				CLANG_WARN_UNGUARDED_AVAILABILITY = YES_AGGRESSIVE;
				CLANG_WARN_UNREACHABLE_CODE = YES;
				CLANG_WARN__DUPLICATE_METHOD_MATCH = YES;
				COPY_PHASE_STRIP = NO;
				DEBUG_INFORMATION_FORMAT = dwarf;
				ENABLE_STRICT_OBJC_MSGSEND = YES;
				ENABLE_TESTABILITY = YES;
				GCC_C_LANGUAGE_STANDARD = gnu11;
				GCC_DYNAMIC_NO_PIC = NO;
				GCC_NO_COMMON_BLOCKS = YES;
				GCC_OPTIMIZATION_LEVEL = 0;
				GCC_PREPROCESSOR_DEFINITIONS = (
					"DEBUG=1",
					"$(inherited)",
				);
				GCC_WARN_64_TO_32_BIT_CONVERSION = YES;
				GCC_WARN_ABOUT_RETURN_TYPE = YES_ERROR;
				GCC_WARN_UNDECLARED_SELECTOR = YES;
				GCC_WARN_UNINITIALIZED_AUTOS = YES_AGGRESSIVE;
				GCC_WARN_UNUSED_FUNCTION = YES;
				GCC_WARN_UNUSED_VARIABLE = YES;
				IPHONEOS_DEPLOYMENT_TARGET = 10.0;
				MTL_ENABLE_DEBUG_INFO = INCLUDE_SOURCE;
				MTL_FAST_MATH = YES;
				ONLY_ACTIVE_ARCH = YES;
				SDKROOT = iphoneos;
			};
			name = Debug;
		};
		71A99C9A23B9DCBE0043D2BF /* Release */ = {
			isa = XCBuildConfiguration;
			buildSettings = {
				ALWAYS_SEARCH_USER_PATHS = NO;
				CLANG_ANALYZER_NONNULL = YES;
				CLANG_ANALYZER_NUMBER_OBJECT_CONVERSION = YES_AGGRESSIVE;
				CLANG_CXX_LANGUAGE_STANDARD = "gnu++14";
				CLANG_CXX_LIBRARY = "libc++";
				CLANG_ENABLE_MODULES = YES;
				CLANG_ENABLE_OBJC_ARC = YES;
				CLANG_ENABLE_OBJC_WEAK = YES;
				CLANG_WARN_BLOCK_CAPTURE_AUTORELEASING = YES;
				CLANG_WARN_BOOL_CONVERSION = YES;
				CLANG_WARN_COMMA = YES;
				CLANG_WARN_CONSTANT_CONVERSION = YES;
				CLANG_WARN_DEPRECATED_OBJC_IMPLEMENTATIONS = YES;
				CLANG_WARN_DIRECT_OBJC_ISA_USAGE = YES_ERROR;
				CLANG_WARN_DOCUMENTATION_COMMENTS = YES;
				CLANG_WARN_EMPTY_BODY = YES;
				CLANG_WARN_ENUM_CONVERSION = YES;
				CLANG_WARN_INFINITE_RECURSION = YES;
				CLANG_WARN_INT_CONVERSION = YES;
				CLANG_WARN_NON_LITERAL_NULL_CONVERSION = YES;
				CLANG_WARN_OBJC_IMPLICIT_RETAIN_SELF = YES;
				CLANG_WARN_OBJC_LITERAL_CONVERSION = YES;
				CLANG_WARN_OBJC_ROOT_CLASS = YES_ERROR;
				CLANG_WARN_RANGE_LOOP_ANALYSIS = YES;
				CLANG_WARN_STRICT_PROTOTYPES = YES;
				CLANG_WARN_SUSPICIOUS_MOVE = YES;
				CLANG_WARN_UNGUARDED_AVAILABILITY = YES_AGGRESSIVE;
				CLANG_WARN_UNREACHABLE_CODE = YES;
				CLANG_WARN__DUPLICATE_METHOD_MATCH = YES;
				COPY_PHASE_STRIP = NO;
				DEBUG_INFORMATION_FORMAT = "dwarf-with-dsym";
				ENABLE_NS_ASSERTIONS = NO;
				ENABLE_STRICT_OBJC_MSGSEND = YES;
				GCC_C_LANGUAGE_STANDARD = gnu11;
				GCC_NO_COMMON_BLOCKS = YES;
				GCC_WARN_64_TO_32_BIT_CONVERSION = YES;
				GCC_WARN_ABOUT_RETURN_TYPE = YES_ERROR;
				GCC_WARN_UNDECLARED_SELECTOR = YES;
				GCC_WARN_UNINITIALIZED_AUTOS = YES_AGGRESSIVE;
				GCC_WARN_UNUSED_FUNCTION = YES;
				GCC_WARN_UNUSED_VARIABLE = YES;
				IPHONEOS_DEPLOYMENT_TARGET = 10.0;
				MTL_ENABLE_DEBUG_INFO = NO;
				MTL_FAST_MATH = YES;
				SDKROOT = iphoneos;
				VALIDATE_PRODUCT = YES;
			};
			name = Release;
		};
		71A99C9C23B9DCBE0043D2BF /* Debug */ = {
			isa = XCBuildConfiguration;
			buildSettings = {
				CODE_SIGN_STYLE = Automatic;
				DEVELOPMENT_TEAM = Z78DQXE2Y3;
				DYLIB_COMPATIBILITY_VERSION = 1;
				DYLIB_CURRENT_VERSION = 1;
				ENABLE_BITCODE = NO;
				EXCLUDED_RECURSIVE_SEARCH_PATH_SUBDIRECTORIES = "*.nib *.lproj *.gch (*) .DS_Store CVS .svn .git .hg *.xcodeproj *.xcode *.pbproj *.pbxproj";
				EXECUTABLE_PREFIX = lib;
				FRAMEWORK_SEARCH_PATHS = (
					"$(inherited)",
					"$(MonkeyDevPath)/Frameworks/**",
					"$(MonkeyDevPath)/Librarys/**",
					"$(MonkeyDevTheosPath)/vendor/lib",
				);
				GCC_C_LANGUAGE_STANDARD = gnu99;
				GCC_PRECOMPILE_PREFIX_HEADER = YES;
				GCC_PREFIX_HEADER = "SoulHookDylib/SoulHookDylib-Prefix.pch";
				GCC_SYMBOLS_PRIVATE_EXTERN = NO;
				GCC_WARN_ABOUT_MISSING_PROTOTYPES = YES;
				GCC_WARN_ABOUT_RETURN_TYPE = YES;
				HEADER_SEARCH_PATHS = (
					"$(inherited)",
					"$(MonkeyDevPath)/include",
					"$(MonkeyDevTheosPath)/vendor/include/**",
				);
				INSTALL_PATH = "@executable_path/Frameworks/libSoulHookDylib.dylib";
				LD_RUNPATH_SEARCH_PATHS = (
					"$(inherited)",
					"@executable_path/Frameworks",
				);
				LIBRARY_SEARCH_PATHS = (
					"$(inherited)",
					"$(MonkeyDevPath)/Frameworks",
					"$(MonkeyDevTheosPath)/vendor/lib/**",
				);
				MonkeyDevPath = /opt/MonkeyDev;
				MonkeyDevTheosPath = /opt/theos;
				OTHER_CFLAGS = (
					"$(inherited)",
					"-DTHEOS_INSTANCE_NAME=\"\\\"SoulHookDylib\\\"\"",
				);
				OTHER_LDFLAGS = (
					"$(inherited)",
					"-weak_library",
					"/usr/lib/libc++.dylib",
					"-weak_library",
					"/usr/lib/libstdc++.dylib",
					"-weak_library",
					"$(MonkeyDevPath)/Frameworks/libsubstrate.dylib",
					"-lcycript",
					"-framework",
					RevealServer,
				);
				PRODUCT_NAME = "$(TARGET_NAME)";
				TARGETED_DEVICE_FAMILY = "1,2";
				VALIDATE_PRODUCT = NO;
			};
			name = Debug;
		};
		71A99C9D23B9DCBE0043D2BF /* Release */ = {
			isa = XCBuildConfiguration;
			buildSettings = {
				CODE_SIGN_STYLE = Automatic;
				COPY_PHASE_STRIP = YES;
				DEVELOPMENT_TEAM = Z78DQXE2Y3;
				DYLIB_COMPATIBILITY_VERSION = 1;
				DYLIB_CURRENT_VERSION = 1;
				ENABLE_BITCODE = NO;
				EXCLUDED_RECURSIVE_SEARCH_PATH_SUBDIRECTORIES = "*.nib *.lproj *.gch (*) .DS_Store CVS .svn .git .hg *.xcodeproj *.xcode *.pbproj *.pbxproj";
				EXECUTABLE_PREFIX = lib;
				FRAMEWORK_SEARCH_PATHS = (
					"$(inherited)",
					"$(MonkeyDevPath)/Frameworks/**",
					"$(MonkeyDevPath)/Librarys/**",
					"$(MonkeyDevTheosPath)/vendor/lib",
				);
				GCC_C_LANGUAGE_STANDARD = gnu99;
				GCC_PRECOMPILE_PREFIX_HEADER = YES;
				GCC_PREFIX_HEADER = "SoulHookDylib/SoulHookDylib-Prefix.pch";
				GCC_WARN_ABOUT_MISSING_PROTOTYPES = YES;
				GCC_WARN_ABOUT_RETURN_TYPE = YES;
				HEADER_SEARCH_PATHS = (
					"$(inherited)",
					"$(MonkeyDevPath)/include",
					"$(MonkeyDevTheosPath)/vendor/include/**",
				);
				INSTALL_PATH = "@executable_path/Frameworks/libSoulHookDylib.dylib";
				LD_RUNPATH_SEARCH_PATHS = (
					"$(inherited)",
					"@executable_path/Frameworks",
				);
				LIBRARY_SEARCH_PATHS = (
					"$(inherited)",
					"$(MonkeyDevPath)/Frameworks",
					"$(MonkeyDevTheosPath)/vendor/lib/**",
				);
				MonkeyDevPath = /opt/MonkeyDev;
				MonkeyDevTheosPath = /opt/theos;
				OTHER_CFLAGS = (
					"$(inherited)",
					"-DTHEOS_INSTANCE_NAME=\"\\\"SoulHookDylib\\\"\"",
				);
				OTHER_LDFLAGS = (
					"$(inherited)",
					"-weak_library",
					"/usr/lib/libc++.dylib",
					"-weak_library",
					"/usr/lib/libstdc++.dylib",
					"-weak_library",
					"$(MonkeyDevPath)/Frameworks/libsubstrate.dylib",
				);
				PRODUCT_NAME = "$(TARGET_NAME)";
				TARGETED_DEVICE_FAMILY = "1,2";
			};
			name = Release;
		};
		71A99C9F23B9DCBE0043D2BF /* Debug */ = {
			isa = XCBuildConfiguration;
			buildSettings = {
				CODE_SIGN_STYLE = Automatic;
				DEVELOPMENT_TEAM = "";
				ENABLE_BITCODE = NO;
				FRAMEWORK_SEARCH_PATHS = (
					"$(inherited)",
					"$(PROJECT_DIR)/LookinServer",
				);
				INFOPLIST_FILE = SoulHook/Info.plist;
				IPHONEOS_DEPLOYMENT_TARGET = 10.0;
				LD_RUNPATH_SEARCH_PATHS = (
					"$(inherited)",
					"@executable_path/Frameworks",
				);
				MARKETING_VERSION = 3.53.0;
				MONKEYDEV_ADD_SUBSTRATE = YES;
				MONKEYDEV_CLASS_DUMP = NO;
				MONKEYDEV_DEFAULT_BUNDLEID = NO;
				MONKEYDEV_INSERT_DYLIB = YES;
				MONKEYDEV_RESTORE_SYMBOL = NO;
				MONKEYDEV_TARGET_APP = Optional;
				PODS_CONFIGURATION_BUILD_DIR = "$BUILD_DIR/$(CONFIGURATION)$(EFFECTIVE_PLATFORM_NAME)";
				PODS_ROOT = "${SRCROOT}/Pods";
				PRODUCT_BUNDLE_IDENTIFIER = your.bundle.id;
				PRODUCT_NAME = "$(TARGET_NAME)";
				TARGETED_DEVICE_FAMILY = "1,2";
			};
			name = Debug;
		};
		71A99CA023B9DCBE0043D2BF /* Release */ = {
			isa = XCBuildConfiguration;
			buildSettings = {
				CODE_SIGN_STYLE = Automatic;
				DEVELOPMENT_TEAM = "";
				ENABLE_BITCODE = NO;
				FRAMEWORK_SEARCH_PATHS = (
					"$(inherited)",
					"$(PROJECT_DIR)/LookinServer",
				);
				INFOPLIST_FILE = SoulHook/Info.plist;
				IPHONEOS_DEPLOYMENT_TARGET = 10.0;
				LD_RUNPATH_SEARCH_PATHS = (
					"$(inherited)",
					"@executable_path/Frameworks",
				);
				MARKETING_VERSION = 3.53.0;
				MONKEYDEV_ADD_SUBSTRATE = YES;
				MONKEYDEV_CLASS_DUMP = NO;
				MONKEYDEV_DEFAULT_BUNDLEID = NO;
				MONKEYDEV_INSERT_DYLIB = YES;
				MONKEYDEV_RESTORE_SYMBOL = NO;
				MONKEYDEV_TARGET_APP = Optional;
				PODS_CONFIGURATION_BUILD_DIR = "$BUILD_DIR/$(CONFIGURATION)$(EFFECTIVE_PLATFORM_NAME)";
				PODS_ROOT = "${SRCROOT}/Pods";
				PRODUCT_BUNDLE_IDENTIFIER = your.bundle.id;
				PRODUCT_NAME = "$(TARGET_NAME)";
				TARGETED_DEVICE_FAMILY = "1,2";
			};
			name = Release;
		};
/* End XCBuildConfiguration section */

/* Begin XCConfigurationList section */
		71A99C3823B9DCBE0043D2BF /* Build configuration list for PBXProject "SoulHook" */ = {
			isa = XCConfigurationList;
			buildConfigurations = (
				71A99C9923B9DCBE0043D2BF /* Debug */,
				71A99C9A23B9DCBE0043D2BF /* Release */,
			);
			defaultConfigurationIsVisible = 0;
			defaultConfigurationName = Release;
		};
		71A99C9B23B9DCBE0043D2BF /* Build configuration list for PBXNativeTarget "SoulHookDylib" */ = {
			isa = XCConfigurationList;
			buildConfigurations = (
				71A99C9C23B9DCBE0043D2BF /* Debug */,
				71A99C9D23B9DCBE0043D2BF /* Release */,
			);
			defaultConfigurationIsVisible = 0;
			defaultConfigurationName = Release;
		};
		71A99C9E23B9DCBE0043D2BF /* Build configuration list for PBXNativeTarget "SoulHook" */ = {
			isa = XCConfigurationList;
			buildConfigurations = (
				71A99C9F23B9DCBE0043D2BF /* Debug */,
				71A99CA023B9DCBE0043D2BF /* Release */,
			);
			defaultConfigurationIsVisible = 0;
			defaultConfigurationName = Release;
		};
/* End XCConfigurationList section */
	};
	rootObject = 71A99C3523B9DCBE0043D2BF /* Project object */;
}
